// !$*UTF8*$!
{
	archiveVersion = 1;
	classes = {
	};
	objectVersion = 48;
	objects = {

/* Begin PBXBuildFile section */
		5E189BE221399B4F003C9BFA /* Functions.swift in Sources */ = {isa = PBXBuildFile; fileRef = 5E189BE121399B4F003C9BFA /* Functions.swift */; };
		5E189BE4213A1680003C9BFA /* TweetScreenViewController.swift in Sources */ = {isa = PBXBuildFile; fileRef = 5E189BE3213A1680003C9BFA /* TweetScreenViewController.swift */; };
		5E6EDC59213579E700C7BE81 /* HomeViewController.swift in Sources */ = {isa = PBXBuildFile; fileRef = 5E6EDC58213579E700C7BE81 /* HomeViewController.swift */; };
		5EDB7A33212B7026001AC661 /* SignUpViewController.swift in Sources */ = {isa = PBXBuildFile; fileRef = 5EDB7A32212B7026001AC661 /* SignUpViewController.swift */; };
		5EDDC075213AF6BA0014F99D /* newTweetViewController.swift in Sources */ = {isa = PBXBuildFile; fileRef = 5EDDC074213AF6BA0014F99D /* newTweetViewController.swift */; };
		5EDDC079213D7CB10014F99D /* SingleTweetTableViewCell.swift in Sources */ = {isa = PBXBuildFile; fileRef = 5EDDC078213D7CB10014F99D /* SingleTweetTableViewCell.swift */; };
		5EDDC07B213DEC860014F99D /* ProfilViewController.swift in Sources */ = {isa = PBXBuildFile; fileRef = 5EDDC07A213DEC860014F99D /* ProfilViewController.swift */; };
		5EED61382130BAB70043AA5F /* SignInViewController.swift in Sources */ = {isa = PBXBuildFile; fileRef = 5EED61372130BAB70043AA5F /* SignInViewController.swift */; };
		5EF2C896212B189A00E62FD9 /* AppDelegate.swift in Sources */ = {isa = PBXBuildFile; fileRef = 5EF2C895212B189A00E62FD9 /* AppDelegate.swift */; };
		5EF2C898212B189A00E62FD9 /* ViewController.swift in Sources */ = {isa = PBXBuildFile; fileRef = 5EF2C897212B189A00E62FD9 /* ViewController.swift */; };
		5EF2C89B212B189A00E62FD9 /* Main.storyboard in Resources */ = {isa = PBXBuildFile; fileRef = 5EF2C899212B189A00E62FD9 /* Main.storyboard */; };
		5EF2C8A0212B189A00E62FD9 /* LaunchScreen.storyboard in Resources */ = {isa = PBXBuildFile; fileRef = 5EF2C89E212B189A00E62FD9 /* LaunchScreen.storyboard */; };
		5EF2C8A8212B242500E62FD9 /* GoogleService-Info.plist in Resources */ = {isa = PBXBuildFile; fileRef = 5EF2C8A7212B242500E62FD9 /* GoogleService-Info.plist */; };
		5EF2C8AA212B293C00E62FD9 /* Assets.xcassets in Resources */ = {isa = PBXBuildFile; fileRef = 5EF2C8A9212B293C00E62FD9 /* Assets.xcassets */; };
		BFCE577E8DF37EC280D17902 /* Pods_twitterClone.framework in Frameworks */ = {isa = PBXBuildFile; fileRef = 718474915D685B6897AF461A /* Pods_twitterClone.framework */; };
/* End PBXBuildFile section */

/* Begin PBXFileReference section */
		5E189BE121399B4F003C9BFA /* Functions.swift */ = {isa = PBXFileReference; lastKnownFileType = sourcecode.swift; path = Functions.swift; sourceTree = "<group>"; };
		5E189BE3213A1680003C9BFA /* TweetScreenViewController.swift */ = {isa = PBXFileReference; lastKnownFileType = sourcecode.swift; path = TweetScreenViewController.swift; sourceTree = "<group>"; };
		5E6EDC58213579E700C7BE81 /* HomeViewController.swift */ = {isa = PBXFileReference; lastKnownFileType = sourcecode.swift; path = HomeViewController.swift; sourceTree = "<group>"; };
		5EDB7A32212B7026001AC661 /* SignUpViewController.swift */ = {isa = PBXFileReference; lastKnownFileType = sourcecode.swift; name = SignUpViewController.swift; path = /Users/ysb/Documents/XcodeWorks/twitterClone/twitterClone/Controller/SignUpViewController.swift; sourceTree = "<absolute>"; };
		5EDDC074213AF6BA0014F99D /* newTweetViewController.swift */ = {isa = PBXFileReference; lastKnownFileType = sourcecode.swift; path = newTweetViewController.swift; sourceTree = "<group>"; };
		5EDDC078213D7CB10014F99D /* SingleTweetTableViewCell.swift */ = {isa = PBXFileReference; lastKnownFileType = sourcecode.swift; path = SingleTweetTableViewCell.swift; sourceTree = "<group>"; };
		5EDDC07A213DEC860014F99D /* ProfilViewController.swift */ = {isa = PBXFileReference; lastKnownFileType = sourcecode.swift; path = ProfilViewController.swift; sourceTree = "<group>"; };
		5EED61372130BAB70043AA5F /* SignInViewController.swift */ = {isa = PBXFileReference; lastKnownFileType = sourcecode.swift; path = SignInViewController.swift; sourceTree = "<group>"; };
		5EF2C892212B189A00E62FD9 /* twitterClone.app */ = {isa = PBXFileReference; explicitFileType = wrapper.application; includeInIndex = 0; path = twitterClone.app; sourceTree = BUILT_PRODUCTS_DIR; };
		5EF2C895212B189A00E62FD9 /* AppDelegate.swift */ = {isa = PBXFileReference; lastKnownFileType = sourcecode.swift; path = AppDelegate.swift; sourceTree = "<group>"; };
		5EF2C897212B189A00E62FD9 /* ViewController.swift */ = {isa = PBXFileReference; lastKnownFileType = sourcecode.swift; path = ViewController.swift; sourceTree = "<group>"; };
		5EF2C89A212B189A00E62FD9 /* Base */ = {isa = PBXFileReference; lastKnownFileType = file.storyboard; name = Base; path = Base.lproj/Main.storyboard; sourceTree = "<group>"; };
		5EF2C89F212B189A00E62FD9 /* Base */ = {isa = PBXFileReference; lastKnownFileType = file.storyboard; name = Base; path = Base.lproj/LaunchScreen.storyboard; sourceTree = "<group>"; };
		5EF2C8A1212B189A00E62FD9 /* Info.plist */ = {isa = PBXFileReference; lastKnownFileType = text.plist.xml; path = Info.plist; sourceTree = "<group>"; };
		5EF2C8A7212B242500E62FD9 /* GoogleService-Info.plist */ = {isa = PBXFileReference; fileEncoding = 4; lastKnownFileType = text.plist.xml; path = "GoogleService-Info.plist"; sourceTree = "<group>"; };
		5EF2C8A9212B293C00E62FD9 /* Assets.xcassets */ = {isa = PBXFileReference; lastKnownFileType = folder.assetcatalog; path = Assets.xcassets; sourceTree = "<group>"; };
		718474915D685B6897AF461A /* Pods_twitterClone.framework */ = {isa = PBXFileReference; explicitFileType = wrapper.framework; includeInIndex = 0; path = Pods_twitterClone.framework; sourceTree = BUILT_PRODUCTS_DIR; };
		AE2B556C63E39D13C22A7907 /* Pods-twitterClone.debug.xcconfig */ = {isa = PBXFileReference; includeInIndex = 1; lastKnownFileType = text.xcconfig; name = "Pods-twitterClone.debug.xcconfig"; path = "Pods/Target Support Files/Pods-twitterClone/Pods-twitterClone.debug.xcconfig"; sourceTree = "<group>"; };
		DE0DCFCB00A19D508ECD9475 /* Pods-twitterClone.release.xcconfig */ = {isa = PBXFileReference; includeInIndex = 1; lastKnownFileType = text.xcconfig; name = "Pods-twitterClone.release.xcconfig"; path = "Pods/Target Support Files/Pods-twitterClone/Pods-twitterClone.release.xcconfig"; sourceTree = "<group>"; };
/* End PBXFileReference section */

/* Begin PBXFrameworksBuildPhase section */
		5EF2C88F212B189A00E62FD9 /* Frameworks */ = {
			isa = PBXFrameworksBuildPhase;
			buildActionMask = 2147483647;
			files = (
				BFCE577E8DF37EC280D17902 /* Pods_twitterClone.framework in Frameworks */,
			);
			runOnlyForDeploymentPostprocessing = 0;
		};
/* End PBXFrameworksBuildPhase section */

/* Begin PBXGroup section */
		5EDB7A31212B6FE3001AC661 /* Controller */ = {
			isa = PBXGroup;
			children = (
				5EF2C897212B189A00E62FD9 /* ViewController.swift */,
				5EDB7A32212B7026001AC661 /* SignUpViewController.swift */,
				5E6EDC58213579E700C7BE81 /* HomeViewController.swift */,
				5EED61372130BAB70043AA5F /* SignInViewController.swift */,
				5EDDC07A213DEC860014F99D /* ProfilViewController.swift */,
				5E189BE3213A1680003C9BFA /* TweetScreenViewController.swift */,
				5EDDC074213AF6BA0014F99D /* newTweetViewController.swift */,
				5E189BE121399B4F003C9BFA /* Functions.swift */,
			);
			path = Controller;
			sourceTree = "<group>";
		};
		5EF2C889212B189A00E62FD9 = {
			isa = PBXGroup;
			children = (
				5EF2C894212B189A00E62FD9 /* twitterClone */,
				5EF2C893212B189A00E62FD9 /* Products */,
				D330F48A7EDA586949CBDDCA /* Pods */,
				E3390E16DB93E3F2478C6F94 /* Frameworks */,
			);
			sourceTree = "<group>";
		};
		5EF2C893212B189A00E62FD9 /* Products */ = {
			isa = PBXGroup;
			children = (
				5EF2C892212B189A00E62FD9 /* twitterClone.app */,
			);
			name = Products;
			sourceTree = "<group>";
		};
		5EF2C894212B189A00E62FD9 /* twitterClone */ = {
			isa = PBXGroup;
			children = (
				5EDB7A31212B6FE3001AC661 /* Controller */,
				5EF2C895212B189A00E62FD9 /* AppDelegate.swift */,
				5EDDC078213D7CB10014F99D /* SingleTweetTableViewCell.swift */,
				5EF2C899212B189A00E62FD9 /* Main.storyboard */,
				5EF2C8A9212B293C00E62FD9 /* Assets.xcassets */,
				5EF2C89E212B189A00E62FD9 /* LaunchScreen.storyboard */,
				5EF2C8A1212B189A00E62FD9 /* Info.plist */,
				5EF2C8A7212B242500E62FD9 /* GoogleService-Info.plist */,
			);
			path = twitterClone;
			sourceTree = "<group>";
		};
		D330F48A7EDA586949CBDDCA /* Pods */ = {
			isa = PBXGroup;
			children = (
				AE2B556C63E39D13C22A7907 /* Pods-twitterClone.debug.xcconfig */,
				DE0DCFCB00A19D508ECD9475 /* Pods-twitterClone.release.xcconfig */,
			);
			name = Pods;
			sourceTree = "<group>";
		};
		E3390E16DB93E3F2478C6F94 /* Frameworks */ = {
			isa = PBXGroup;
			children = (
				718474915D685B6897AF461A /* Pods_twitterClone.framework */,
			);
			name = Frameworks;
			sourceTree = "<group>";
		};
/* End PBXGroup section */

/* Begin PBXNativeTarget section */
		5EF2C891212B189A00E62FD9 /* twitterClone */ = {
			isa = PBXNativeTarget;
			buildConfigurationList = 5EF2C8A4212B189A00E62FD9 /* Build configuration list for PBXNativeTarget "twitterClone" */;
			buildPhases = (
				F2A399B9A8ECD55C6F7F5B8B /* [CP] Check Pods Manifest.lock */,
				5EF2C88E212B189A00E62FD9 /* Sources */,
				5EF2C88F212B189A00E62FD9 /* Frameworks */,
				5EF2C890212B189A00E62FD9 /* Resources */,
				56DA6D0F60DF621ED3D5EF88 /* [CP] Embed Pods Frameworks */,
				5A3AB212DE8C533149B658DF /* [CP] Copy Pods Resources */,
			);
			buildRules = (
			);
			dependencies = (
			);
			name = twitterClone;
			productName = twitterClone;
			productReference = 5EF2C892212B189A00E62FD9 /* twitterClone.app */;
			productType = "com.apple.product-type.application";
		};
/* End PBXNativeTarget section */

/* Begin PBXProject section */
		5EF2C88A212B189A00E62FD9 /* Project object */ = {
			isa = PBXProject;
			attributes = {
				LastSwiftUpdateCheck = 0920;
				LastUpgradeCheck = 0920;
				ORGANIZATIONNAME = "Yavuz BİTMEZ";
				TargetAttributes = {
					5EF2C891212B189A00E62FD9 = {
						CreatedOnToolsVersion = 9.2;
						ProvisioningStyle = Automatic;
					};
				};
			};
			buildConfigurationList = 5EF2C88D212B189A00E62FD9 /* Build configuration list for PBXProject "twitterClone" */;
			compatibilityVersion = "Xcode 8.0";
			developmentRegion = en;
			hasScannedForEncodings = 0;
			knownRegions = (
				en,
				Base,
			);
			mainGroup = 5EF2C889212B189A00E62FD9;
			productRefGroup = 5EF2C893212B189A00E62FD9 /* Products */;
			projectDirPath = "";
			projectRoot = "";
			targets = (
				5EF2C891212B189A00E62FD9 /* twitterClone */,
			);
		};
/* End PBXProject section */

/* Begin PBXResourcesBuildPhase section */
		5EF2C890212B189A00E62FD9 /* Resources */ = {
			isa = PBXResourcesBuildPhase;
			buildActionMask = 2147483647;
			files = (
				5EF2C8A0212B189A00E62FD9 /* LaunchScreen.storyboard in Resources */,
				5EF2C8A8212B242500E62FD9 /* GoogleService-Info.plist in Resources */,
				5EF2C8AA212B293C00E62FD9 /* Assets.xcassets in Resources */,
				5EF2C89B212B189A00E62FD9 /* Main.storyboard in Resources */,
			);
			runOnlyForDeploymentPostprocessing = 0;
		};
/* End PBXResourcesBuildPhase section */

/* Begin PBXShellScriptBuildPhase section */
		56DA6D0F60DF621ED3D5EF88 /* [CP] Embed Pods Frameworks */ = {
			isa = PBXShellScriptBuildPhase;
			buildActionMask = 2147483647;
			files = (
			);
			inputPaths = (
				"${SRCROOT}/Pods/Target Support Files/Pods-twitterClone/Pods-twitterClone-frameworks.sh",
				"${BUILT_PRODUCTS_DIR}/Alamofire/Alamofire.framework",
				"${BUILT_PRODUCTS_DIR}/GTMSessionFetcher/GTMSessionFetcher.framework",
				"${BUILT_PRODUCTS_DIR}/GoogleToolboxForMac/GoogleToolboxForMac.framework",
				"${BUILT_PRODUCTS_DIR}/Protobuf/Protobuf.framework",
				"${BUILT_PRODUCTS_DIR}/SwiftyJSON/SwiftyJSON.framework",
				"${BUILT_PRODUCTS_DIR}/leveldb-library/leveldb.framework",
				"${BUILT_PRODUCTS_DIR}/nanopb/nanopb.framework",
			);
			name = "[CP] Embed Pods Frameworks";
			outputPaths = (
				"${TARGET_BUILD_DIR}/${FRAMEWORKS_FOLDER_PATH}/Alamofire.framework",
				"${TARGET_BUILD_DIR}/${FRAMEWORKS_FOLDER_PATH}/GTMSessionFetcher.framework",
				"${TARGET_BUILD_DIR}/${FRAMEWORKS_FOLDER_PATH}/GoogleToolboxForMac.framework",
				"${TARGET_BUILD_DIR}/${FRAMEWORKS_FOLDER_PATH}/Protobuf.framework",
				"${TARGET_BUILD_DIR}/${FRAMEWORKS_FOLDER_PATH}/SwiftyJSON.framework",
				"${TARGET_BUILD_DIR}/${FRAMEWORKS_FOLDER_PATH}/leveldb.framework",
				"${TARGET_BUILD_DIR}/${FRAMEWORKS_FOLDER_PATH}/nanopb.framework",
			);
			runOnlyForDeploymentPostprocessing = 0;
			shellPath = /bin/sh;
			shellScript = "\"${SRCROOT}/Pods/Target Support Files/Pods-twitterClone/Pods-twitterClone-frameworks.sh\"\n";
			showEnvVarsInLog = 0;
		};
		5A3AB212DE8C533149B658DF /* [CP] Copy Pods Resources */ = {
			isa = PBXShellScriptBuildPhase;
			buildActionMask = 2147483647;
			files = (
			);
			inputPaths = (
			);
			name = "[CP] Copy Pods Resources";
			outputPaths = (
			);
			runOnlyForDeploymentPostprocessing = 0;
			shellPath = /bin/sh;
			shellScript = "\"${SRCROOT}/Pods/Target Support Files/Pods-twitterClone/Pods-twitterClone-resources.sh\"\n";
			showEnvVarsInLog = 0;
		};
		F2A399B9A8ECD55C6F7F5B8B /* [CP] Check Pods Manifest.lock */ = {
			isa = PBXShellScriptBuildPhase;
			buildActionMask = 2147483647;
			files = (
			);
			inputPaths = (
				"${PODS_PODFILE_DIR_PATH}/Podfile.lock",
				"${PODS_ROOT}/Manifest.lock",
			);
			name = "[CP] Check Pods Manifest.lock";
			outputPaths = (
				"$(DERIVED_FILE_DIR)/Pods-twitterClone-checkManifestLockResult.txt",
			);
			runOnlyForDeploymentPostprocessing = 0;
			shellPath = /bin/sh;
			shellScript = "diff \"${PODS_PODFILE_DIR_PATH}/Podfile.lock\" \"${PODS_ROOT}/Manifest.lock\" > /dev/null\nif [ $? != 0 ] ; then\n    # print error to STDERR\n    echo \"error: The sandbox is not in sync with the Podfile.lock. Run 'pod install' or update your CocoaPods installation.\" >&2\n    exit 1\nfi\n# This output is used by Xcode 'outputs' to avoid re-running this script phase.\necho \"SUCCESS\" > \"${SCRIPT_OUTPUT_FILE_0}\"\n";
			showEnvVarsInLog = 0;
		};
/* End PBXShellScriptBuildPhase section */

/* Begin PBXSourcesBuildPhase section */
		5EF2C88E212B189A00E62FD9 /* Sources */ = {
			isa = PBXSourcesBuildPhase;
			buildActionMask = 2147483647;
			files = (
				5E6EDC59213579E700C7BE81 /* HomeViewController.swift in Sources */,
				5EDDC075213AF6BA0014F99D /* newTweetViewController.swift in Sources */,
				5EDDC079213D7CB10014F99D /* SingleTweetTableViewCell.swift in Sources */,
				5EED61382130BAB70043AA5F /* SignInViewController.swift in Sources */,
				5E189BE4213A1680003C9BFA /* TweetScreenViewController.swift in Sources */,
				5EDB7A33212B7026001AC661 /* SignUpViewController.swift in Sources */,
				5EDDC07B213DEC860014F99D /* ProfilViewController.swift in Sources */,
				5EF2C898212B189A00E62FD9 /* ViewController.swift in Sources */,
				5EF2C896212B189A00E62FD9 /* AppDelegate.swift in Sources */,
				5E189BE221399B4F003C9BFA /* Functions.swift in Sources */,
			);
			runOnlyForDeploymentPostprocessing = 0;
		};
/* End PBXSourcesBuildPhase section */

/* Begin PBXVariantGroup section */
		5EF2C899212B189A00E62FD9 /* Main.storyboard */ = {
			isa = PBXVariantGroup;
			children = (
				5EF2C89A212B189A00E62FD9 /* Base */,
			);
			name = Main.storyboard;
			sourceTree = "<group>";
		};
		5EF2C89E212B189A00E62FD9 /* LaunchScreen.storyboard */ = {
			isa = PBXVariantGroup;
			children = (
				5EF2C89F212B189A00E62FD9 /* Base */,
			);
			name = LaunchScreen.storyboard;
			sourceTree = "<group>";
		};
/* End PBXVariantGroup section */

/* Begin XCBuildConfiguration section */
		5EF2C8A2212B189A00E62FD9 /* Debug */ = {
			isa = XCBuildConfiguration;
			buildSettings = {
				ALWAYS_SEARCH_USER_PATHS = NO;
				CLANG_ANALYZER_NONNULL = YES;
				CLANG_ANALYZER_NUMBER_OBJECT_CONVERSION = YES_AGGRESSIVE;
				CLANG_CXX_LANGUAGE_STANDARD = "gnu++14";
				CLANG_CXX_LIBRARY = "libc++";
				CLANG_ENABLE_MODULES = YES;
				CLANG_ENABLE_OBJC_ARC = YES;
				CLANG_WARN_BLOCK_CAPTURE_AUTORELEASING = YES;
				CLANG_WARN_BOOL_CONVERSION = YES;
				CLANG_WARN_COMMA = YES;
				CLANG_WARN_CONSTANT_CONVERSION = YES;
				CLANG_WARN_DIRECT_OBJC_ISA_USAGE = YES_ERROR;
				CLANG_WARN_DOCUMENTATION_COMMENTS = YES;
				CLANG_WARN_EMPTY_BODY = YES;
				CLANG_WARN_ENUM_CONVERSION = YES;
				CLANG_WARN_INFINITE_RECURSION = YES;
				CLANG_WARN_INT_CONVERSION = YES;
				CLANG_WARN_NON_LITERAL_NULL_CONVERSION = YES;
				CLANG_WARN_OBJC_LITERAL_CONVERSION = YES;
				CLANG_WARN_OBJC_ROOT_CLASS = YES_ERROR;
				CLANG_WARN_RANGE_LOOP_ANALYSIS = YES;
				CLANG_WARN_STRICT_PROTOTYPES = YES;
				CLANG_WARN_SUSPICIOUS_MOVE = YES;
				CLANG_WARN_UNGUARDED_AVAILABILITY = YES_AGGRESSIVE;
				CLANG_WARN_UNREACHABLE_CODE = YES;
				CLANG_WARN__DUPLICATE_METHOD_MATCH = YES;
				CODE_SIGN_IDENTITY = "iPhone Developer";
				COPY_PHASE_STRIP = NO;
				DEBUG_INFORMATION_FORMAT = dwarf;
				ENABLE_STRICT_OBJC_MSGSEND = YES;
				ENABLE_TESTABILITY = YES;
				GCC_C_LANGUAGE_STANDARD = gnu11;
				GCC_DYNAMIC_NO_PIC = NO;
				GCC_NO_COMMON_BLOCKS = YES;
				GCC_OPTIMIZATION_LEVEL = 0;
				GCC_PREPROCESSOR_DEFINITIONS = (
					"DEBUG=1",
					"$(inherited)",
				);
				GCC_WARN_64_TO_32_BIT_CONVERSION = YES;
				GCC_WARN_ABOUT_RETURN_TYPE = YES_ERROR;
				GCC_WARN_UNDECLARED_SELECTOR = YES;
				GCC_WARN_UNINITIALIZED_AUTOS = YES_AGGRESSIVE;
				GCC_WARN_UNUSED_FUNCTION = YES;
				GCC_WARN_UNUSED_VARIABLE = YES;
				IPHONEOS_DEPLOYMENT_TARGET = 11.2;
				MTL_ENABLE_DEBUG_INFO = YES;
				ONLY_ACTIVE_ARCH = YES;
				SDKROOT = iphoneos;
				SWIFT_ACTIVE_COMPILATION_CONDITIONS = DEBUG;
				SWIFT_OPTIMIZATION_LEVEL = "-Onone";
			};
			name = Debug;
		};
		5EF2C8A3212B189A00E62FD9 /* Release */ = {
			isa = XCBuildConfiguration;
			buildSettings = {
				ALWAYS_SEARCH_USER_PATHS = NO;
				CLANG_ANALYZER_NONNULL = YES;
				CLANG_ANALYZER_NUMBER_OBJECT_CONVERSION = YES_AGGRESSIVE;
				CLANG_CXX_LANGUAGE_STANDARD = "gnu++14";
				CLANG_CXX_LIBRARY = "libc++";
				CLANG_ENABLE_MODULES = YES;
				CLANG_ENABLE_OBJC_ARC = YES;
				CLANG_WARN_BLOCK_CAPTURE_AUTORELEASING = YES;
				CLANG_WARN_BOOL_CONVERSION = YES;
				CLANG_WARN_COMMA = YES;
				CLANG_WARN_CONSTANT_CONVERSION = YES;
				CLANG_WARN_DIRECT_OBJC_ISA_USAGE = YES_ERROR;
				CLANG_WARN_DOCUMENTATION_COMMENTS = YES;
				CLANG_WARN_EMPTY_BODY = YES;
				CLANG_WARN_ENUM_CONVERSION = YES;
				CLANG_WARN_INFINITE_RECURSION = YES;
				CLANG_WARN_INT_CONVERSION = YES;
				CLANG_WARN_NON_LITERAL_NULL_CONVERSION = YES;
				CLANG_WARN_OBJC_LITERAL_CONVERSION = YES;
				CLANG_WARN_OBJC_ROOT_CLASS = YES_ERROR;
				CLANG_WARN_RANGE_LOOP_ANALYSIS = YES;
				CLANG_WARN_STRICT_PROTOTYPES = YES;
				CLANG_WARN_SUSPICIOUS_MOVE = YES;
				CLANG_WARN_UNGUARDED_AVAILABILITY = YES_AGGRESSIVE;
				CLANG_WARN_UNREACHABLE_CODE = YES;
				CLANG_WARN__DUPLICATE_METHOD_MATCH = YES;
				CODE_SIGN_IDENTITY = "iPhone Developer";
				COPY_PHASE_STRIP = NO;
				DEBUG_INFORMATION_FORMAT = "dwarf-with-dsym";
				ENABLE_NS_ASSERTIONS = NO;
				ENABLE_STRICT_OBJC_MSGSEND = YES;
				GCC_C_LANGUAGE_STANDARD = gnu11;
				GCC_NO_COMMON_BLOCKS = YES;
				GCC_WARN_64_TO_32_BIT_CONVERSION = YES;
				GCC_WARN_ABOUT_RETURN_TYPE = YES_ERROR;
				GCC_WARN_UNDECLARED_SELECTOR = YES;
				GCC_WARN_UNINITIALIZED_AUTOS = YES_AGGRESSIVE;
				GCC_WARN_UNUSED_FUNCTION = YES;
				GCC_WARN_UNUSED_VARIABLE = YES;
				IPHONEOS_DEPLOYMENT_TARGET = 11.2;
				MTL_ENABLE_DEBUG_INFO = NO;
				SDKROOT = iphoneos;
				SWIFT_OPTIMIZATION_LEVEL = "-Owholemodule";
				VALIDATE_PRODUCT = YES;
			};
			name = Release;
		};
		5EF2C8A5212B189A00E62FD9 /* Debug */ = {
			isa = XCBuildConfiguration;
			baseConfigurationReference = AE2B556C63E39D13C22A7907 /* Pods-twitterClone.debug.xcconfig */;
			buildSettings = {
				ASSETCATALOG_COMPILER_APPICON_NAME = AppIcon;
				CODE_SIGN_STYLE = Automatic;
				INFOPLIST_FILE = twitterClone/Info.plist;
				LD_RUNPATH_SEARCH_PATHS = "$(inherited) @executable_path/Frameworks";
				PRODUCT_BUNDLE_IDENTIFIER = ysb.twitterClone;
				PRODUCT_NAME = "$(TARGET_NAME)";
				SWIFT_VERSION = 4.0;
				TARGETED_DEVICE_FAMILY = "1,2";
			};
			name = Debug;
		};
		5EF2C8A6212B189A00E62FD9 /* Release */ = {
			isa = XCBuildConfiguration;
			baseConfigurationReference = DE0DCFCB00A19D508ECD9475 /* Pods-twitterClone.release.xcconfig */;
			buildSettings = {
				ASSETCATALOG_COMPILER_APPICON_NAME = AppIcon;
				CODE_SIGN_STYLE = Automatic;
				INFOPLIST_FILE = twitterClone/Info.plist;
				LD_RUNPATH_SEARCH_PATHS = "$(inherited) @executable_path/Frameworks";
				PRODUCT_BUNDLE_IDENTIFIER = ysb.twitterClone;
				PRODUCT_NAME = "$(TARGET_NAME)";
				SWIFT_VERSION = 4.0;
				TARGETED_DEVICE_FAMILY = "1,2";
			};
			name = Release;
		};
/* End XCBuildConfiguration section */

/* Begin XCConfigurationList section */
		5EF2C88D212B189A00E62FD9 /* Build configuration list for PBXProject "twitterClone" */ = {
			isa = XCConfigurationList;
			buildConfigurations = (
				5EF2C8A2212B189A00E62FD9 /* Debug */,
				5EF2C8A3212B189A00E62FD9 /* Release */,
			);
			defaultConfigurationIsVisible = 0;
			defaultConfigurationName = Release;
		};
		5EF2C8A4212B189A00E62FD9 /* Build configuration list for PBXNativeTarget "twitterClone" */ = {
			isa = XCConfigurationList;
			buildConfigurations = (
				5EF2C8A5212B189A00E62FD9 /* Debug */,
				5EF2C8A6212B189A00E62FD9 /* Release */,
			);
			defaultConfigurationIsVisible = 0;
			defaultConfigurationName = Release;
		};
/* End XCConfigurationList section */
	};
	rootObject = 5EF2C88A212B189A00E62FD9 /* Project object */;
}
